
Microsoft Visual Studio Solution File, Format Version 12.00
# Visual Studio Version 17
VisualStudioVersion = 17.0.32014.148
MinimumVisualStudioVersion = 10.0.40219.1
Project("{FAE04EC0-301F-11D3-BF4B-00C04F79EFBC}") = "TestedApp", "TestedApp\TestedApp.csproj", "{A39CA74D-D673-4738-8B8E-87401D77DACD}"
EndProject
Project("{FAE04EC0-301F-11D3-BF4B-00C04F79EFBC}") = "UiTests", "UiTests\UiTests.csproj", "{28F4A5E0-1214-47D5-B851-B14F012CF4D6}"
EndProject
Global
	GlobalSection(SolutionConfigurationPlatforms) = preSolution
		Debug|Any CPU = Debug|Any CPU
		Release|Any CPU = Release|Any CPU
	EndGlobalSection
	GlobalSection(ProjectConfigurationPlatforms) = postSolution
		{A39CA74D-D673-4738-8B8E-87401D77DACD}.Debug|Any CPU.ActiveCfg = Debug|Any CPU
		{A39CA74D-D673-4738-8B8E-87401D77DACD}.Debug|Any CPU.Build.0 = Debug|Any CPU
		{A39CA74D-D673-4738-8B8E-87401D77DACD}.Release|Any CPU.ActiveCfg = Release|Any CPU
		{A39CA74D-D673-4738-8B8E-87401D77DACD}.Release|Any CPU.Build.0 = Release|Any CPU
		{28F4A5E0-1214-47D5-B851-B14F012CF4D6}.Debug|Any CPU.ActiveCfg = Debug|Any CPU
		{28F4A5E0-1214-47D5-B851-B14F012CF4D6}.Debug|Any CPU.Build.0 = Debug|Any CPU
		{28F4A5E0-1214-47D5-B851-B14F012CF4D6}.Release|Any CPU.ActiveCfg = Release|Any CPU
		{28F4A5E0-1214-47D5-B851-B14F012CF4D6}.Release|Any CPU.Build.0 = Release|Any CPU
	EndGlobalSection
	GlobalSection(SolutionProperties) = preSolution
		HideSolutionNode = FALSE
	EndGlobalSection
	GlobalSection(ExtensibilityGlobals) = postSolution
		SolutionGuid = {1E7DC48C-0054-4285-ADFD-AE6EE18C880D}
	EndGlobalSection
EndGlobal
